{
  "name": "honesty-kits-site",
  "lockfileVersion": 3,
  "requires": true,
  "packages": {
    "": {
      "name": "honesty-kits-site",
      "devDependencies": {
        "advice-ledger-kit": "0.2.0",
        "agent-receipt-kit": "0.2.0",
        "audit-chain-kit": "0.2.0",
        "claims-registry-kit": "0.3.1",
        "corroboration-kit": "0.2.1",
        "cost-governor-kit": "0.2.0",
        "freshness-kit": "0.2.1",
        "gifenc": "1.0.3",
        "grounding-kit": "0.2.1",
        "mutation-invariance-kit": "0.2.1",
        "payout-invariance-kit": "0.2.1",
        "pngjs": "7.0.0",
        "provenance-kit": "0.2.1",
        "trust-core": "0.2.0"
      }
    },
    "node_modules/advice-ledger-kit": {
      "version": "0.2.0",
      "resolved": "https://registry.npmjs.org/advice-ledger-kit/-/advice-ledger-kit-0.2.0.tgz",
      "integrity": "sha512-HWrpJ2zFgYB+2pCu/n81XTorseEh2bUZdVRaUvQ9+yj3abHHn6/EV0U2CVMywO36iPVi1Yspop8dxrzh7bZCMg==",
      "dev": true,
      "license": "MIT",
      "engines": {
        "node": ">=20"
      }
    },
    "node_modules/agent-receipt-kit": {
      "version": "0.2.0",
      "resolved": "https://registry.npmjs.org/agent-receipt-kit/-/agent-receipt-kit-0.2.0.tgz",
      "integrity": "sha512-MEs49nyuaOYFamd8VQQcY5gGY6SkjPXKCkjQ+qvy/ps3B4KUwF2pctzgQY7qmgd/dgH0HyiDPT/XaJCnvpHU+w==",
      "dev": true,
      "license": "MIT",
      "engines": {
        "node": ">=20"
      }
    },
    "node_modules/audit-chain-kit": {
      "version": "0.2.0",
      "resolved": "https://registry.npmjs.org/audit-chain-kit/-/audit-chain-kit-0.2.0.tgz",
      "integrity": "sha512-Tqn59j/LPgLu7KvC3z3Nkyb3j3gXQXSjmDfuKOH473busMO0L1Y093Y+Ek8fGcXxgY37TGSDS8X5QoA5O0RQ9w==",
      "dev": true,
      "license": "MIT",
      "engines": {
        "node": ">=20"
      }
    },
    "node_modules/claims-registry-kit": {
      "version": "0.3.1",
      "resolved": "https://registry.npmjs.org/claims-registry-kit/-/claims-registry-kit-0.3.1.tgz",
      "integrity": "sha512-ExzayH/jUWKfP5svLIKQNaMz2pO/Sb+Ns7bhlhVIuy1c1WPM+swxW3lSI/XPcmQzOwng70MwO90tXyFBk1kebw==",
      "dev": true,
      "license": "MIT",
      "engines": {
        "node": ">=20"
      }
    },
    "node_modules/corroboration-kit": {
      "version": "0.2.1",
      "resolved": "https://registry.npmjs.org/corroboration-kit/-/corroboration-kit-0.2.1.tgz",
      "integrity": "sha512-d3SjeSbgyK0yBvx/B6kyZJaN3LiimkM7y3b2QWTe3/lIUe1fEJStax6b9jqPG4NPFKympprfOp6VrSyMqQFpcQ==",
      "dev": true,
      "license": "MIT",
      "engines": {
        "node": ">=20"
      }
    },
    "node_modules/cost-governor-kit": {
      "version": "0.2.0",
      "resolved": "https://registry.npmjs.org/cost-governor-kit/-/cost-governor-kit-0.2.0.tgz",
      "integrity": "sha512-dDxVhpvcrTBn7VFbWlCtFSuohbFxICdloPhYgbfh+J+7JBqqazkliK7CatNALwHTwqA7SBm72cXGggyXvHaioA==",
      "dev": true,
      "license": "MIT",
      "engines": {
        "node": ">=20"
      }
    },
    "node_modules/freshness-kit": {
      "version": "0.2.1",
      "resolved": "https://registry.npmjs.org/freshness-kit/-/freshness-kit-0.2.1.tgz",
      "integrity": "sha512-CHPZIIjdYKhuvib3RcMFA9UHHNpqA45rBNX9B4qUU6FIV3FhNr9OFMOWEcqBYMEESg/dbP8JQ7ifjA3Up6/Anw==",
      "dev": true,
      "license": "MIT",
      "engines": {
        "node": ">=20"
      }
    },
    "node_modules/gifenc": {
      "version": "1.0.3",
      "resolved": "https://registry.npmjs.org/gifenc/-/gifenc-1.0.3.tgz",
      "integrity": "sha512-xdr6AdrfGBcfzncONUOlXMBuc5wJDtOueE3c5rdG0oNgtINLD+f2iFZltrBRZYzACRbKr+mSVU/x98zv2u3jmw==",
      "dev": true,
      "license": "MIT"
    },
    "node_modules/grounding-kit": {
      "version": "0.2.1",
      "resolved": "https://registry.npmjs.org/grounding-kit/-/grounding-kit-0.2.1.tgz",
      "integrity": "sha512-lz7r7WDliLztZWJH99JiUUoKIj21t7lP8SWhq4t//cho7WkgPuI49EMU76izn++LAJkUXaEIfi4QAvAvB/x3JQ==",
      "dev": true,
      "license": "MIT",
      "engines": {
        "node": ">=20"
      }
    },
    "node_modules/mutation-invariance-kit": {
      "version": "0.2.1",
      "resolved": "https://registry.npmjs.org/mutation-invariance-kit/-/mutation-invariance-kit-0.2.1.tgz",
      "integrity": "sha512-GZ1Xq1CgkyssSVy6veV6s0rYYeGMTNnu59vNHT7yQDsC+0HrhCHW2atElz4jg6yrV+kR6D49fkmLHGoxhta1AQ==",
      "dev": true,
      "license": "MIT",
      "engines": {
        "node": ">=20"
      }
    },
    "node_modules/payout-invariance-kit": {
      "version": "0.2.1",
      "resolved": "https://registry.npmjs.org/payout-invariance-kit/-/payout-invariance-kit-0.2.1.tgz",
      "integrity": "sha512-8tyKPpKuNw3mFNcgjt1y8H4OuDjrvXDPTCYxOZqv1da8pvNpSkWtSUSmVEhEZw6aijV7KE857dWtLTjzI5Sy8Q==",
      "dev": true,
      "license": "MIT",
      "engines": {
        "node": ">=20"
      }
    },
    "node_modules/pngjs": {
      "version": "7.0.0",
      "resolved": "https://registry.npmjs.org/pngjs/-/pngjs-7.0.0.tgz",
      "integrity": "sha512-LKWqWJRhstyYo9pGvgor/ivk2w94eSjE3RGVuzLGlr3NmD8bf7RcYGze1mNdEHRP6TRP6rMuDHk5t44hnTRyow==",
      "dev": true,
      "license": "MIT",
      "engines": {
        "node": ">=14.19.0"
      }
    },
    "node_modules/provenance-kit": {
      "version": "0.2.1",
      "resolved": "https://registry.npmjs.org/provenance-kit/-/provenance-kit-0.2.1.tgz",
      "integrity": "sha512-L185eiEZpdquMQ0TXHqrtymAq5MEYhc3FkA91JP7QNfMk8hXS6OXCtCIgNUtheCOq5e6NAfmBf8ojF2lnKJ3dw==",
      "dev": true,
      "license": "MIT",
      "engines": {
        "node": ">=20"
      }
    },
    "node_modules/trust-core": {
      "version": "0.2.0",
      "resolved": "https://registry.npmjs.org/trust-core/-/trust-core-0.2.0.tgz",
      "integrity": "sha512-3ee/+vO+A9aRwsv6s19W0ta22r0hGtyqSMbWVX3dwx4JdR2doGAA+EoQopnNMVMGSDkP7ocROPafwunobMazyw==",
      "dev": true,
      "license": "MIT",
      "engines": {
        "node": ">=20"
      }
    }
  }
}
