{
  "name": "honesty-kits-site",
  "lockfileVersion": 3,
  "requires": true,
  "packages": {
    "": {
      "name": "honesty-kits-site",
      "devDependencies": {
        "advice-ledger-kit": "0.2.0",
        "agent-receipt-kit": "0.2.0",
        "audit-chain-kit": "0.2.0",
        "claims-registry-kit": "0.3.0",
        "corroboration-kit": "0.2.0",
        "cost-governor-kit": "0.2.0",
        "freshness-kit": "0.2.0",
        "gifenc": "1.0.3",
        "grounding-kit": "0.2.0",
        "mutation-invariance-kit": "0.2.0",
        "payout-invariance-kit": "0.2.0",
        "pngjs": "7.0.0",
        "provenance-kit": "0.2.0",
        "trust-core": "0.2.0"
      }
    },
    "node_modules/advice-ledger-kit": {
      "version": "0.2.0",
      "resolved": "https://registry.npmjs.org/advice-ledger-kit/-/advice-ledger-kit-0.2.0.tgz",
      "integrity": "sha512-HWrpJ2zFgYB+2pCu/n81XTorseEh2bUZdVRaUvQ9+yj3abHHn6/EV0U2CVMywO36iPVi1Yspop8dxrzh7bZCMg==",
      "dev": true,
      "license": "MIT",
      "engines": {
        "node": ">=20"
      }
    },
    "node_modules/agent-receipt-kit": {
      "version": "0.2.0",
      "resolved": "https://registry.npmjs.org/agent-receipt-kit/-/agent-receipt-kit-0.2.0.tgz",
      "integrity": "sha512-MEs49nyuaOYFamd8VQQcY5gGY6SkjPXKCkjQ+qvy/ps3B4KUwF2pctzgQY7qmgd/dgH0HyiDPT/XaJCnvpHU+w==",
      "dev": true,
      "license": "MIT",
      "engines": {
        "node": ">=20"
      }
    },
    "node_modules/audit-chain-kit": {
      "version": "0.2.0",
      "resolved": "https://registry.npmjs.org/audit-chain-kit/-/audit-chain-kit-0.2.0.tgz",
      "integrity": "sha512-Tqn59j/LPgLu7KvC3z3Nkyb3j3gXQXSjmDfuKOH473busMO0L1Y093Y+Ek8fGcXxgY37TGSDS8X5QoA5O0RQ9w==",
      "dev": true,
      "license": "MIT",
      "engines": {
        "node": ">=20"
      }
    },
    "node_modules/claims-registry-kit": {
      "version": "0.3.0",
      "resolved": "https://registry.npmjs.org/claims-registry-kit/-/claims-registry-kit-0.3.0.tgz",
      "integrity": "sha512-P3tSiMNl6fslOOyteVJwX3mXOvR/uJ+cX8BM6AnhANILm1wrn/PI+7MgKUb7fJnuh9rhfa1uyU9iST+8Nm+wcw==",
      "dev": true,
      "license": "MIT",
      "engines": {
        "node": ">=20"
      }
    },
    "node_modules/corroboration-kit": {
      "version": "0.2.0",
      "resolved": "https://registry.npmjs.org/corroboration-kit/-/corroboration-kit-0.2.0.tgz",
      "integrity": "sha512-2t/q1ImSz1qUf5yfGfjAhuqqCtpBm7GI92Z53/3IaSI3850yPYmaETH3PXF6OO4E/Q0B7O9xNbtJFZqLOgRACg==",
      "dev": true,
      "license": "MIT",
      "engines": {
        "node": ">=20"
      }
    },
    "node_modules/cost-governor-kit": {
      "version": "0.2.0",
      "resolved": "https://registry.npmjs.org/cost-governor-kit/-/cost-governor-kit-0.2.0.tgz",
      "integrity": "sha512-dDxVhpvcrTBn7VFbWlCtFSuohbFxICdloPhYgbfh+J+7JBqqazkliK7CatNALwHTwqA7SBm72cXGggyXvHaioA==",
      "dev": true,
      "license": "MIT",
      "engines": {
        "node": ">=20"
      }
    },
    "node_modules/freshness-kit": {
      "version": "0.2.0",
      "resolved": "https://registry.npmjs.org/freshness-kit/-/freshness-kit-0.2.0.tgz",
      "integrity": "sha512-j0Jo9gXR4wCE5gFaTmkzikh0yt9YWF6tbyfkQHcG9uC4VGnQX1+Vqo6u541FCLPvRprE//qOqk500waTDRFQFw==",
      "dev": true,
      "license": "MIT",
      "engines": {
        "node": ">=20"
      }
    },
    "node_modules/gifenc": {
      "version": "1.0.3",
      "resolved": "https://registry.npmjs.org/gifenc/-/gifenc-1.0.3.tgz",
      "integrity": "sha512-xdr6AdrfGBcfzncONUOlXMBuc5wJDtOueE3c5rdG0oNgtINLD+f2iFZltrBRZYzACRbKr+mSVU/x98zv2u3jmw==",
      "dev": true,
      "license": "MIT"
    },
    "node_modules/grounding-kit": {
      "version": "0.2.0",
      "resolved": "https://registry.npmjs.org/grounding-kit/-/grounding-kit-0.2.0.tgz",
      "integrity": "sha512-RDLwGkL498g8MlKvYCYiQ2CQYzFlItbR9UEBa2dxh8GZQ9I9EcbCXSGBXRDtt48oMlYwkb5AWHQ3sfndNZNDFQ==",
      "dev": true,
      "license": "MIT",
      "engines": {
        "node": ">=20"
      }
    },
    "node_modules/mutation-invariance-kit": {
      "version": "0.2.0",
      "resolved": "https://registry.npmjs.org/mutation-invariance-kit/-/mutation-invariance-kit-0.2.0.tgz",
      "integrity": "sha512-C5fC1IZeT6kDZEF36YCrnLKJxD4fKzYjmQP5q17QNL2Go3VgxG3HSf0x65IMlI569QrcgiD4S0UzrOW6MjNAoA==",
      "dev": true,
      "license": "MIT",
      "engines": {
        "node": ">=20"
      }
    },
    "node_modules/payout-invariance-kit": {
      "version": "0.2.0",
      "resolved": "https://registry.npmjs.org/payout-invariance-kit/-/payout-invariance-kit-0.2.0.tgz",
      "integrity": "sha512-1Uz5hj/n15zi4PFqRho/WbrUk8SizM8ipA8MaU4O8OuxKspVN3a13Fm6DwN+dzPJ7CkZoyQ9Vr3nDRP5AlLvEQ==",
      "dev": true,
      "license": "MIT",
      "engines": {
        "node": ">=20"
      }
    },
    "node_modules/pngjs": {
      "version": "7.0.0",
      "resolved": "https://registry.npmjs.org/pngjs/-/pngjs-7.0.0.tgz",
      "integrity": "sha512-LKWqWJRhstyYo9pGvgor/ivk2w94eSjE3RGVuzLGlr3NmD8bf7RcYGze1mNdEHRP6TRP6rMuDHk5t44hnTRyow==",
      "dev": true,
      "license": "MIT",
      "engines": {
        "node": ">=14.19.0"
      }
    },
    "node_modules/provenance-kit": {
      "version": "0.2.0",
      "resolved": "https://registry.npmjs.org/provenance-kit/-/provenance-kit-0.2.0.tgz",
      "integrity": "sha512-hVq2X8MENCIfzwJzFIYr4V40XmNZCVGLYqepsyEN6aRYAr2SUhZIKIBSP9AIZ3Zgy3Yhp8yt5OZNN+WXf2NCbQ==",
      "dev": true,
      "license": "MIT",
      "engines": {
        "node": ">=20"
      }
    },
    "node_modules/trust-core": {
      "version": "0.2.0",
      "resolved": "https://registry.npmjs.org/trust-core/-/trust-core-0.2.0.tgz",
      "integrity": "sha512-3ee/+vO+A9aRwsv6s19W0ta22r0hGtyqSMbWVX3dwx4JdR2doGAA+EoQopnNMVMGSDkP7ocROPafwunobMazyw==",
      "dev": true,
      "license": "MIT",
      "engines": {
        "node": ">=20"
      }
    }
  }
}
